github.com/Alit54/General v0.0.0-20221202125010-b4e55d914a11 h1:9PwDdz1mzDANmY7pIycJ7T+KgH0wS/5wPjvU+k3Tr+A=
github.com/Alit54/General v0.0.0-20221202125010-b4e55d914a11/go.mod h1:QWR1JysXmYC2sAKV/a1dAf1An/dTVu6hWped5ldhVDI=
github.com/zAiro12/AdventOfCode/utile v0.0.0-20221126093715-f76c565acbcb h1:YkV4T4xBixK9tGLZ0NNdI3w+9OVUSbOHJhQiwSrTtHc=
github.com/zAiro12/AdventOfCode/utile v0.0.0-20221126093715-f76c565acbcb/go.mod h1:oTsHGt1IVSaBJiBKhslfLV+dbzZsYXNBIyt4KuywtJA=
