github.com/Alit54/General v0.0.0-20221205094921-cd19e4e318e4 h1:T4dvFUEcW8a88Cf7h6ohjw9UXSn5q+M+h1MlXb6mu9E=
github.com/Alit54/General v0.0.0-20221205094921-cd19e4e318e4/go.mod h1:AeQ3HVuo627S2c8bAZVhWtbW69wAm6ofoObhlX6JXo4=
github.com/Alit54/General v0.0.0-20221205182805-6033f3a1b45d h1:VfSxsie28OTGNJeoeBB/h8NwIuSX9g4K9mt4D5G1aBw=
github.com/Alit54/General v0.0.0-20221205182805-6033f3a1b45d/go.mod h1:AeQ3HVuo627S2c8bAZVhWtbW69wAm6ofoObhlX6JXo4=
